
Microsoft Visual Studio Solution File, Format Version 12.00
# Visual Studio Version 17
VisualStudioVersion = 17.7.34018.315
MinimumVisualStudioVersion = 10.0.40219.1
Project("{FAE04EC0-301F-11D3-BF4B-00C04F79EFBC}") = "AppPrototype", "AppPrototype\AppPrototype.csproj", "{BB266A5A-DE2C-4971-BF3A-A8508E1C179D}"
EndProject
Global
	GlobalSection(SolutionConfigurationPlatforms) = preSolution
		Debug|Any CPU = Debug|Any CPU
		Release|Any CPU = Release|Any CPU
	EndGlobalSection
	GlobalSection(ProjectConfigurationPlatforms) = postSolution
		{BB266A5A-DE2C-4971-BF3A-A8508E1C179D}.Debug|Any CPU.ActiveCfg = Debug|Any CPU
		{BB266A5A-DE2C-4971-BF3A-A8508E1C179D}.Debug|Any CPU.Build.0 = Debug|Any CPU
		{BB266A5A-DE2C-4971-BF3A-A8508E1C179D}.Release|Any CPU.ActiveCfg = Release|Any CPU
		{BB266A5A-DE2C-4971-BF3A-A8508E1C179D}.Release|Any CPU.Build.0 = Release|Any CPU
	EndGlobalSection
	GlobalSection(SolutionProperties) = preSolution
		HideSolutionNode = FALSE
	EndGlobalSection
	GlobalSection(ExtensibilityGlobals) = postSolution
		SolutionGuid = {1731FCAC-188E-48C3-96B5-F1596322DC03}
	EndGlobalSection
EndGlobal
