
Microsoft Visual Studio Solution File, Format Version 12.00
# Visual Studio Version 17
VisualStudioVersion = 17.7.34018.315
MinimumVisualStudioVersion = 10.0.40219.1
Project("{FAE04EC0-301F-11D3-BF4B-00C04F79EFBC}") = "IdentityUSER", "IdentityUSER\IdentityUSER.csproj", "{969AB5A7-FE58-4809-9B28-6BA3952277ED}"
EndProject
Global
	GlobalSection(SolutionConfigurationPlatforms) = preSolution
		Debug|Any CPU = Debug|Any CPU
		Release|Any CPU = Release|Any CPU
	EndGlobalSection
	GlobalSection(ProjectConfigurationPlatforms) = postSolution
		{969AB5A7-FE58-4809-9B28-6BA3952277ED}.Debug|Any CPU.ActiveCfg = Debug|Any CPU
		{969AB5A7-FE58-4809-9B28-6BA3952277ED}.Debug|Any CPU.Build.0 = Debug|Any CPU
		{969AB5A7-FE58-4809-9B28-6BA3952277ED}.Release|Any CPU.ActiveCfg = Release|Any CPU
		{969AB5A7-FE58-4809-9B28-6BA3952277ED}.Release|Any CPU.Build.0 = Release|Any CPU
	EndGlobalSection
	GlobalSection(SolutionProperties) = preSolution
		HideSolutionNode = FALSE
	EndGlobalSection
	GlobalSection(ExtensibilityGlobals) = postSolution
		SolutionGuid = {81C08473-026E-40FB-9647-5171CB075124}
	EndGlobalSection
EndGlobal
